
Microsoft Visual Studio Solution File, Format Version 12.00
# Visual Studio Version 16
VisualStudioVersion = 16.0.28917.181
MinimumVisualStudioVersion = 10.0.40219.1
Project("{2150E333-8FDC-42A3-9474-1A3956D46DE8}") = "Services", "Services", "{DDD171D3-4F1F-4802-B22B-EC19A078AB06}"
EndProject
Project("{9A19103F-16F7-4668-BE54-9A1E7A4F7556}") = "Auth.Api", "Auth.Api\Auth.Api.csproj", "{47A1427B-EE02-4206-AAC8-C7D719DB5B8E}"
EndProject
Project("{2150E333-8FDC-42A3-9474-1A3956D46DE8}") = "Tests", "Tests", "{24740908-8307-4507-8369-126B444D22B7}"
EndProject
Project("{9A19103F-16F7-4668-BE54-9A1E7A4F7556}") = "Auth.Api.Tests", "Auth.Tests\Auth.Api.Tests.csproj", "{FB56615E-AADC-4188-81A2-FBAF0ED6D402}"
EndProject
Global
	GlobalSection(SolutionConfigurationPlatforms) = preSolution
		Debug|Any CPU = Debug|Any CPU
		Release|Any CPU = Release|Any CPU
	EndGlobalSection
	GlobalSection(ProjectConfigurationPlatforms) = postSolution
		{47A1427B-EE02-4206-AAC8-C7D719DB5B8E}.Debug|Any CPU.ActiveCfg = Debug|Any CPU
		{47A1427B-EE02-4206-AAC8-C7D719DB5B8E}.Debug|Any CPU.Build.0 = Debug|Any CPU
		{47A1427B-EE02-4206-AAC8-C7D719DB5B8E}.Release|Any CPU.ActiveCfg = Release|Any CPU
		{47A1427B-EE02-4206-AAC8-C7D719DB5B8E}.Release|Any CPU.Build.0 = Release|Any CPU
		{FB56615E-AADC-4188-81A2-FBAF0ED6D402}.Debug|Any CPU.ActiveCfg = Debug|Any CPU
		{FB56615E-AADC-4188-81A2-FBAF0ED6D402}.Debug|Any CPU.Build.0 = Debug|Any CPU
		{FB56615E-AADC-4188-81A2-FBAF0ED6D402}.Release|Any CPU.ActiveCfg = Release|Any CPU
		{FB56615E-AADC-4188-81A2-FBAF0ED6D402}.Release|Any CPU.Build.0 = Release|Any CPU
	EndGlobalSection
	GlobalSection(SolutionProperties) = preSolution
		HideSolutionNode = FALSE
	EndGlobalSection
	GlobalSection(NestedProjects) = preSolution
		{47A1427B-EE02-4206-AAC8-C7D719DB5B8E} = {DDD171D3-4F1F-4802-B22B-EC19A078AB06}
		{FB56615E-AADC-4188-81A2-FBAF0ED6D402} = {24740908-8307-4507-8369-126B444D22B7}
	EndGlobalSection
	GlobalSection(ExtensibilityGlobals) = postSolution
		SolutionGuid = {537582B9-2A34-4D9E-BD52-26F7FFAF54E9}
	EndGlobalSection
EndGlobal
